
Microsoft Visual Studio Solution File, Format Version 12.00
# Visual Studio Version 17
VisualStudioVersion = 17.7.34003.232
MinimumVisualStudioVersion = 10.0.40219.1
Project("{2150E333-8FDC-42A3-9474-1A3956D46DE8}") = "HospitalManagement", "HospitalManagement", "{90484409-45CF-4377-A0B6-0F0B1CC086BC}"
EndProject
Project("{2150E333-8FDC-42A3-9474-1A3956D46DE8}") = "Adapters", "Adapters", "{C627F269-46A6-42E4-8AF2-87109C1316C3}"
EndProject
Project("{2150E333-8FDC-42A3-9474-1A3956D46DE8}") = "Consumers", "Consumers", "{68B39C4B-792D-45F0-B946-13203CB06E1C}"
EndProject
Project("{2150E333-8FDC-42A3-9474-1A3956D46DE8}") = "Core", "Core", "{7E70EA2B-0AF5-435C-81CD-F947DE121108}"
EndProject
Project("{2150E333-8FDC-42A3-9474-1A3956D46DE8}") = "Tests", "Tests", "{46B53237-5104-4DEA-B1CD-011E49E5F973}"
EndProject
Project("{9A19103F-16F7-4668-BE54-9A1E7A4F7556}") = "Data", "HospitalManagement\Adapters\Data\Data.csproj", "{633EA022-A139-42E0-8139-937A6D0D31EF}"
EndProject
Project("{2150E333-8FDC-42A3-9474-1A3956D46DE8}") = "Application", "Application", "{41D6D178-79DF-44F9-B69E-DE208EF109E9}"
EndProject
Project("{2150E333-8FDC-42A3-9474-1A3956D46DE8}") = "Domain", "Domain", "{2565D979-6C95-48E6-AA44-DE5DB221F3C4}"
EndProject
Project("{9A19103F-16F7-4668-BE54-9A1E7A4F7556}") = "Application", "HospitalManagement\Core\Application\Application\Application.csproj", "{C1A8CBBD-EBBE-41DE-9DA1-F994826442D4}"
EndProject
Project("{9A19103F-16F7-4668-BE54-9A1E7A4F7556}") = "Domain", "HospitalManagement\Core\Domain\Domain\Domain.csproj", "{9E292AD6-507E-4EE7-AFF4-5252D685EA71}"
EndProject
Project("{2150E333-8FDC-42A3-9474-1A3956D46DE8}") = "Adapters", "Adapters", "{679B1EC3-F26E-4CE8-A19A-69587DB7ECED}"
EndProject
Project("{2150E333-8FDC-42A3-9474-1A3956D46DE8}") = "Application", "Application", "{AF8304E5-713A-40AE-A4BA-699FB2954BEC}"
EndProject
Project("{2150E333-8FDC-42A3-9474-1A3956D46DE8}") = "Domain", "Domain", "{550B3B3B-4B44-48E6-9A33-21CFD7763147}"
EndProject
Project("{9A19103F-16F7-4668-BE54-9A1E7A4F7556}") = "AdaptersTests", "HospitalManagement\Tests\Adapters\AdaptersTests\AdaptersTests.csproj", "{2533B4BC-4E97-4132-9755-A2BA7A88F4F5}"
EndProject
Project("{9A19103F-16F7-4668-BE54-9A1E7A4F7556}") = "ApplicationTests", "HospitalManagement\Tests\Application\ApplicationTests\ApplicationTests.csproj", "{496F038B-C79D-4536-A038-2986939E3F2E}"
EndProject
Project("{9A19103F-16F7-4668-BE54-9A1E7A4F7556}") = "DomainTests", "HospitalManagement\Tests\Domain\DomainTests\DomainTests.csproj", "{DC120864-7D0D-46B1-B57A-7D6644D73950}"
EndProject
Project("{FAE04EC0-301F-11D3-BF4B-00C04F79EFBC}") = "HospitalWeb", "HospitalManagement\Consumers\HospitalWeb\HospitalWeb\HospitalWeb.csproj", "{7638F0A9-4ADD-47F7-A402-86AB371A3B52}"
EndProject
Global
	GlobalSection(SolutionConfigurationPlatforms) = preSolution
		Debug|Any CPU = Debug|Any CPU
		Release|Any CPU = Release|Any CPU
	EndGlobalSection
	GlobalSection(ProjectConfigurationPlatforms) = postSolution
		{633EA022-A139-42E0-8139-937A6D0D31EF}.Debug|Any CPU.ActiveCfg = Debug|Any CPU
		{633EA022-A139-42E0-8139-937A6D0D31EF}.Debug|Any CPU.Build.0 = Debug|Any CPU
		{633EA022-A139-42E0-8139-937A6D0D31EF}.Release|Any CPU.ActiveCfg = Release|Any CPU
		{633EA022-A139-42E0-8139-937A6D0D31EF}.Release|Any CPU.Build.0 = Release|Any CPU
		{C1A8CBBD-EBBE-41DE-9DA1-F994826442D4}.Debug|Any CPU.ActiveCfg = Debug|Any CPU
		{C1A8CBBD-EBBE-41DE-9DA1-F994826442D4}.Debug|Any CPU.Build.0 = Debug|Any CPU
		{C1A8CBBD-EBBE-41DE-9DA1-F994826442D4}.Release|Any CPU.ActiveCfg = Release|Any CPU
		{C1A8CBBD-EBBE-41DE-9DA1-F994826442D4}.Release|Any CPU.Build.0 = Release|Any CPU
		{9E292AD6-507E-4EE7-AFF4-5252D685EA71}.Debug|Any CPU.ActiveCfg = Debug|Any CPU
		{9E292AD6-507E-4EE7-AFF4-5252D685EA71}.Debug|Any CPU.Build.0 = Debug|Any CPU
		{9E292AD6-507E-4EE7-AFF4-5252D685EA71}.Release|Any CPU.ActiveCfg = Release|Any CPU
		{9E292AD6-507E-4EE7-AFF4-5252D685EA71}.Release|Any CPU.Build.0 = Release|Any CPU
		{2533B4BC-4E97-4132-9755-A2BA7A88F4F5}.Debug|Any CPU.ActiveCfg = Debug|Any CPU
		{2533B4BC-4E97-4132-9755-A2BA7A88F4F5}.Debug|Any CPU.Build.0 = Debug|Any CPU
		{2533B4BC-4E97-4132-9755-A2BA7A88F4F5}.Release|Any CPU.ActiveCfg = Release|Any CPU
		{2533B4BC-4E97-4132-9755-A2BA7A88F4F5}.Release|Any CPU.Build.0 = Release|Any CPU
		{496F038B-C79D-4536-A038-2986939E3F2E}.Debug|Any CPU.ActiveCfg = Debug|Any CPU
		{496F038B-C79D-4536-A038-2986939E3F2E}.Debug|Any CPU.Build.0 = Debug|Any CPU
		{496F038B-C79D-4536-A038-2986939E3F2E}.Release|Any CPU.ActiveCfg = Release|Any CPU
		{496F038B-C79D-4536-A038-2986939E3F2E}.Release|Any CPU.Build.0 = Release|Any CPU
		{DC120864-7D0D-46B1-B57A-7D6644D73950}.Debug|Any CPU.ActiveCfg = Debug|Any CPU
		{DC120864-7D0D-46B1-B57A-7D6644D73950}.Debug|Any CPU.Build.0 = Debug|Any CPU
		{DC120864-7D0D-46B1-B57A-7D6644D73950}.Release|Any CPU.ActiveCfg = Release|Any CPU
		{DC120864-7D0D-46B1-B57A-7D6644D73950}.Release|Any CPU.Build.0 = Release|Any CPU
		{7638F0A9-4ADD-47F7-A402-86AB371A3B52}.Debug|Any CPU.ActiveCfg = Debug|Any CPU
		{7638F0A9-4ADD-47F7-A402-86AB371A3B52}.Debug|Any CPU.Build.0 = Debug|Any CPU
		{7638F0A9-4ADD-47F7-A402-86AB371A3B52}.Release|Any CPU.ActiveCfg = Release|Any CPU
		{7638F0A9-4ADD-47F7-A402-86AB371A3B52}.Release|Any CPU.Build.0 = Release|Any CPU
	EndGlobalSection
	GlobalSection(SolutionProperties) = preSolution
		HideSolutionNode = FALSE
	EndGlobalSection
	GlobalSection(NestedProjects) = preSolution
		{C627F269-46A6-42E4-8AF2-87109C1316C3} = {90484409-45CF-4377-A0B6-0F0B1CC086BC}
		{68B39C4B-792D-45F0-B946-13203CB06E1C} = {90484409-45CF-4377-A0B6-0F0B1CC086BC}
		{7E70EA2B-0AF5-435C-81CD-F947DE121108} = {90484409-45CF-4377-A0B6-0F0B1CC086BC}
		{46B53237-5104-4DEA-B1CD-011E49E5F973} = {90484409-45CF-4377-A0B6-0F0B1CC086BC}
		{633EA022-A139-42E0-8139-937A6D0D31EF} = {C627F269-46A6-42E4-8AF2-87109C1316C3}
		{41D6D178-79DF-44F9-B69E-DE208EF109E9} = {7E70EA2B-0AF5-435C-81CD-F947DE121108}
		{2565D979-6C95-48E6-AA44-DE5DB221F3C4} = {7E70EA2B-0AF5-435C-81CD-F947DE121108}
		{C1A8CBBD-EBBE-41DE-9DA1-F994826442D4} = {41D6D178-79DF-44F9-B69E-DE208EF109E9}
		{9E292AD6-507E-4EE7-AFF4-5252D685EA71} = {2565D979-6C95-48E6-AA44-DE5DB221F3C4}
		{679B1EC3-F26E-4CE8-A19A-69587DB7ECED} = {46B53237-5104-4DEA-B1CD-011E49E5F973}
		{AF8304E5-713A-40AE-A4BA-699FB2954BEC} = {46B53237-5104-4DEA-B1CD-011E49E5F973}
		{550B3B3B-4B44-48E6-9A33-21CFD7763147} = {46B53237-5104-4DEA-B1CD-011E49E5F973}
		{2533B4BC-4E97-4132-9755-A2BA7A88F4F5} = {679B1EC3-F26E-4CE8-A19A-69587DB7ECED}
		{496F038B-C79D-4536-A038-2986939E3F2E} = {AF8304E5-713A-40AE-A4BA-699FB2954BEC}
		{DC120864-7D0D-46B1-B57A-7D6644D73950} = {550B3B3B-4B44-48E6-9A33-21CFD7763147}
		{7638F0A9-4ADD-47F7-A402-86AB371A3B52} = {68B39C4B-792D-45F0-B946-13203CB06E1C}
	EndGlobalSection
	GlobalSection(ExtensibilityGlobals) = postSolution
		SolutionGuid = {BB5CC005-331B-4E03-907C-8E5B7694F7E2}
	EndGlobalSection
EndGlobal
